<Solution>
  <Project Path="API/API.csproj" />
  <Project Path="Business/Application.csproj" Id="0d11d37b-34e8-48d7-aefe-88d8aad12723" />
  <Project Path="DataAccess/Infrastructure.csproj" Id="b121bbf0-c1e2-4429-b4ac-1aa79f97b365" />
  <Project Path="Domain/Domain.csproj" Id="436e785d-2546-4d69-9bc3-e6dfc97a8459" />
</Solution>
